
Microsoft Visual Studio Solution File, Format Version 12.00
# Visual Studio Version 17
VisualStudioVersion = 17.1.32319.34
MinimumVisualStudioVersion = 10.0.40219.1
Project("{8BC9CEB8-8B4A-11D0-8D11-00A0C91BC942}") = "kolejka2", "kolejka2\kolejka2.vcxproj", "{D39878C1-D5F7-419D-988A-EFA9B16A2383}"
EndProject
Global
	GlobalSection(SolutionConfigurationPlatforms) = preSolution
		Debug|x64 = Debug|x64
		Debug|x86 = Debug|x86
		Release|x64 = Release|x64
		Release|x86 = Release|x86
	EndGlobalSection
	GlobalSection(ProjectConfigurationPlatforms) = postSolution
		{D39878C1-D5F7-419D-988A-EFA9B16A2383}.Debug|x64.ActiveCfg = Debug|x64
		{D39878C1-D5F7-419D-988A-EFA9B16A2383}.Debug|x64.Build.0 = Debug|x64
		{D39878C1-D5F7-419D-988A-EFA9B16A2383}.Debug|x86.ActiveCfg = Debug|Win32
		{D39878C1-D5F7-419D-988A-EFA9B16A2383}.Debug|x86.Build.0 = Debug|Win32
		{D39878C1-D5F7-419D-988A-EFA9B16A2383}.Release|x64.ActiveCfg = Release|x64
		{D39878C1-D5F7-419D-988A-EFA9B16A2383}.Release|x64.Build.0 = Release|x64
		{D39878C1-D5F7-419D-988A-EFA9B16A2383}.Release|x86.ActiveCfg = Release|Win32
		{D39878C1-D5F7-419D-988A-EFA9B16A2383}.Release|x86.Build.0 = Release|Win32
	EndGlobalSection
	GlobalSection(SolutionProperties) = preSolution
		HideSolutionNode = FALSE
	EndGlobalSection
	GlobalSection(ExtensibilityGlobals) = postSolution
		SolutionGuid = {FA334188-B9A3-4AFE-9567-19E844412750}
	EndGlobalSection
EndGlobal
